// !$*UTF8*$!
{
	archiveVersion = 1;
	classes = {
	};
	objectVersion = 50;
	objects = {

/* Begin PBXBuildFile section */
		4733D9AD22B333D000F485E6 /* CGPointExtensions.swift in Sources */ = {isa = PBXBuildFile; fileRef = 4733D9AC22B333D000F485E6 /* CGPointExtensions.swift */; };
		478002FA22B13BCE00EEA906 /* AppDelegate.swift in Sources */ = {isa = PBXBuildFile; fileRef = 478002F922B13BCE00EEA906 /* AppDelegate.swift */; };
		478002FC22B13BCE00EEA906 /* GameViewController.swift in Sources */ = {isa = PBXBuildFile; fileRef = 478002FB22B13BCE00EEA906 /* GameViewController.swift */; };
		478002FF22B13BCE00EEA906 /* Main.storyboard in Resources */ = {isa = PBXBuildFile; fileRef = 478002FD22B13BCE00EEA906 /* Main.storyboard */; };
		4780030122B13BCE00EEA906 /* Experience.rcproject in Sources */ = {isa = PBXBuildFile; fileRef = 4780030022B13BCE00EEA906 /* Experience.rcproject */; };
		4780030322B13BD100EEA906 /* Assets.xcassets in Resources */ = {isa = PBXBuildFile; fileRef = 4780030222B13BD100EEA906 /* Assets.xcassets */; };
		4780030622B13BD100EEA906 /* LaunchScreen.storyboard in Resources */ = {isa = PBXBuildFile; fileRef = 4780030422B13BD100EEA906 /* LaunchScreen.storyboard */; };
		4780030E22B13E2B00EEA906 /* SelectViewController.swift in Sources */ = {isa = PBXBuildFile; fileRef = 4780030D22B13E2B00EEA906 /* SelectViewController.swift */; };
		4780031122B140F000EEA906 /* soccerBall.usda in Resources */ = {isa = PBXBuildFile; fileRef = 4780030F22B140F000EEA906 /* soccerBall.usda */; };
		4780031222B140F000EEA906 /* soccerBall.usdz in Resources */ = {isa = PBXBuildFile; fileRef = 4780031022B140F000EEA906 /* soccerBall.usdz */; };
		478F918922B1F7B7002D3B8C /* Joystick.swift in Sources */ = {isa = PBXBuildFile; fileRef = 478F918822B1F7B7002D3B8C /* Joystick.swift */; };
		478F918B22B1F7C4002D3B8C /* JoystickDelegate.swift in Sources */ = {isa = PBXBuildFile; fileRef = 478F918A22B1F7C4002D3B8C /* JoystickDelegate.swift */; };
/* End PBXBuildFile section */

/* Begin PBXFileReference section */
		4733D9AC22B333D000F485E6 /* CGPointExtensions.swift */ = {isa = PBXFileReference; lastKnownFileType = sourcecode.swift; path = CGPointExtensions.swift; sourceTree = "<group>"; };
		478002F622B13BCE00EEA906 /* SumoAR.app */ = {isa = PBXFileReference; explicitFileType = wrapper.application; includeInIndex = 0; path = SumoAR.app; sourceTree = BUILT_PRODUCTS_DIR; };
		478002F922B13BCE00EEA906 /* AppDelegate.swift */ = {isa = PBXFileReference; lastKnownFileType = sourcecode.swift; path = AppDelegate.swift; sourceTree = "<group>"; };
		478002FB22B13BCE00EEA906 /* GameViewController.swift */ = {isa = PBXFileReference; lastKnownFileType = sourcecode.swift; path = GameViewController.swift; sourceTree = "<group>"; };
		478002FE22B13BCE00EEA906 /* Base */ = {isa = PBXFileReference; lastKnownFileType = file.storyboard; name = Base; path = Base.lproj/Main.storyboard; sourceTree = "<group>"; };
		4780030022B13BCE00EEA906 /* Experience.rcproject */ = {isa = PBXFileReference; lastKnownFileType = file.rcproject; path = Experience.rcproject; sourceTree = "<group>"; };
		4780030222B13BD100EEA906 /* Assets.xcassets */ = {isa = PBXFileReference; lastKnownFileType = folder.assetcatalog; path = Assets.xcassets; sourceTree = "<group>"; };
		4780030522B13BD100EEA906 /* Base */ = {isa = PBXFileReference; lastKnownFileType = file.storyboard; name = Base; path = Base.lproj/LaunchScreen.storyboard; sourceTree = "<group>"; };
		4780030722B13BD100EEA906 /* Info.plist */ = {isa = PBXFileReference; lastKnownFileType = text.plist.xml; path = Info.plist; sourceTree = "<group>"; };
		4780030D22B13E2B00EEA906 /* SelectViewController.swift */ = {isa = PBXFileReference; lastKnownFileType = sourcecode.swift; path = SelectViewController.swift; sourceTree = "<group>"; };
		4780030F22B140F000EEA906 /* soccerBall.usda */ = {isa = PBXFileReference; lastKnownFileType = asset.file.usd; path = soccerBall.usda; sourceTree = "<group>"; };
		4780031022B140F000EEA906 /* soccerBall.usdz */ = {isa = PBXFileReference; lastKnownFileType = file.usdz; path = soccerBall.usdz; sourceTree = "<group>"; };
		478F918822B1F7B7002D3B8C /* Joystick.swift */ = {isa = PBXFileReference; lastKnownFileType = sourcecode.swift; path = Joystick.swift; sourceTree = "<group>"; };
		478F918A22B1F7C4002D3B8C /* JoystickDelegate.swift */ = {isa = PBXFileReference; lastKnownFileType = sourcecode.swift; path = JoystickDelegate.swift; sourceTree = "<group>"; };
/* End PBXFileReference section */

/* Begin PBXFrameworksBuildPhase section */
		478002F322B13BCE00EEA906 /* Frameworks */ = {
			isa = PBXFrameworksBuildPhase;
			buildActionMask = 2147483647;
			files = (
			);
			runOnlyForDeploymentPostprocessing = 0;
		};
/* End PBXFrameworksBuildPhase section */

/* Begin PBXGroup section */
		478002ED22B13BCE00EEA906 = {
			isa = PBXGroup;
			children = (
				478002F822B13BCE00EEA906 /* SumoAR */,
				478002F722B13BCE00EEA906 /* Products */,
			);
			sourceTree = "<group>";
		};
		478002F722B13BCE00EEA906 /* Products */ = {
			isa = PBXGroup;
			children = (
				478002F622B13BCE00EEA906 /* SumoAR.app */,
			);
			name = Products;
			sourceTree = "<group>";
		};
		478002F822B13BCE00EEA906 /* SumoAR */ = {
			isa = PBXGroup;
			children = (
				478002F922B13BCE00EEA906 /* AppDelegate.swift */,
				4780030D22B13E2B00EEA906 /* SelectViewController.swift */,
				478002FB22B13BCE00EEA906 /* GameViewController.swift */,
				478002FD22B13BCE00EEA906 /* Main.storyboard */,
				4780030022B13BCE00EEA906 /* Experience.rcproject */,
				4780030222B13BD100EEA906 /* Assets.xcassets */,
				4780030422B13BD100EEA906 /* LaunchScreen.storyboard */,
				4780030722B13BD100EEA906 /* Info.plist */,
				4780030F22B140F000EEA906 /* soccerBall.usda */,
				4780031022B140F000EEA906 /* soccerBall.usdz */,
				478F918822B1F7B7002D3B8C /* Joystick.swift */,
				478F918A22B1F7C4002D3B8C /* JoystickDelegate.swift */,
				4733D9AC22B333D000F485E6 /* CGPointExtensions.swift */,
			);
			path = SumoAR;
			sourceTree = "<group>";
		};
/* End PBXGroup section */

/* Begin PBXNativeTarget section */
		478002F522B13BCE00EEA906 /* SumoAR */ = {
			isa = PBXNativeTarget;
			buildConfigurationList = 4780030A22B13BD100EEA906 /* Build configuration list for PBXNativeTarget "SumoAR" */;
			buildPhases = (
				478002F222B13BCE00EEA906 /* Sources */,
				478002F322B13BCE00EEA906 /* Frameworks */,
				478002F422B13BCE00EEA906 /* Resources */,
			);
			buildRules = (
			);
			dependencies = (
			);
			name = SumoAR;
			productName = SumoAR;
			productReference = 478002F622B13BCE00EEA906 /* SumoAR.app */;
			productType = "com.apple.product-type.application";
		};
/* End PBXNativeTarget section */

/* Begin PBXProject section */
		478002EE22B13BCE00EEA906 /* Project object */ = {
			isa = PBXProject;
			attributes = {
				LastSwiftUpdateCheck = 1100;
				LastUpgradeCheck = 1100;
				ORGANIZATIONNAME = "Enzo Maruffa Moreira";
				TargetAttributes = {
					478002F522B13BCE00EEA906 = {
						CreatedOnToolsVersion = 11.0;
					};
				};
			};
			buildConfigurationList = 478002F122B13BCE00EEA906 /* Build configuration list for PBXProject "SumoAR" */;
			compatibilityVersion = "Xcode 9.3";
			developmentRegion = en;
			hasScannedForEncodings = 0;
			knownRegions = (
				en,
				Base,
			);
			mainGroup = 478002ED22B13BCE00EEA906;
			productRefGroup = 478002F722B13BCE00EEA906 /* Products */;
			projectDirPath = "";
			projectRoot = "";
			targets = (
				478002F522B13BCE00EEA906 /* SumoAR */,
			);
		};
/* End PBXProject section */

/* Begin PBXResourcesBuildPhase section */
		478002F422B13BCE00EEA906 /* Resources */ = {
			isa = PBXResourcesBuildPhase;
			buildActionMask = 2147483647;
			files = (
				4780031122B140F000EEA906 /* soccerBall.usda in Resources */,
				4780030622B13BD100EEA906 /* LaunchScreen.storyboard in Resources */,
				4780030322B13BD100EEA906 /* Assets.xcassets in Resources */,
				478002FF22B13BCE00EEA906 /* Main.storyboard in Resources */,
				4780031222B140F000EEA906 /* soccerBall.usdz in Resources */,
			);
			runOnlyForDeploymentPostprocessing = 0;
		};
/* End PBXResourcesBuildPhase section */

/* Begin PBXSourcesBuildPhase section */
		478002F222B13BCE00EEA906 /* Sources */ = {
			isa = PBXSourcesBuildPhase;
			buildActionMask = 2147483647;
			files = (
				478F918B22B1F7C4002D3B8C /* JoystickDelegate.swift in Sources */,
				4780030E22B13E2B00EEA906 /* SelectViewController.swift in Sources */,
				478002FC22B13BCE00EEA906 /* GameViewController.swift in Sources */,
				4733D9AD22B333D000F485E6 /* CGPointExtensions.swift in Sources */,
				478F918922B1F7B7002D3B8C /* Joystick.swift in Sources */,
				478002FA22B13BCE00EEA906 /* AppDelegate.swift in Sources */,
				4780030122B13BCE00EEA906 /* Experience.rcproject in Sources */,
			);
			runOnlyForDeploymentPostprocessing = 0;
		};
/* End PBXSourcesBuildPhase section */

/* Begin PBXVariantGroup section */
		478002FD22B13BCE00EEA906 /* Main.storyboard */ = {
			isa = PBXVariantGroup;
			children = (
				478002FE22B13BCE00EEA906 /* Base */,
			);
			name = Main.storyboard;
			sourceTree = "<group>";
		};
		4780030422B13BD100EEA906 /* LaunchScreen.storyboard */ = {
			isa = PBXVariantGroup;
			children = (
				4780030522B13BD100EEA906 /* Base */,
			);
			name = LaunchScreen.storyboard;
			sourceTree = "<group>";
		};
/* End PBXVariantGroup section */

/* Begin XCBuildConfiguration section */
		4780030822B13BD100EEA906 /* Debug */ = {
			isa = XCBuildConfiguration;
			buildSettings = {
				ALWAYS_SEARCH_USER_PATHS = NO;
				CLANG_ANALYZER_NONNULL = YES;
				CLANG_ANALYZER_NUMBER_OBJECT_CONVERSION = YES_AGGRESSIVE;
				CLANG_CXX_LANGUAGE_STANDARD = "gnu++14";
				CLANG_CXX_LIBRARY = "libc++";
				CLANG_ENABLE_MODULES = YES;
				CLANG_ENABLE_OBJC_ARC = YES;
				CLANG_ENABLE_OBJC_WEAK = YES;
				CLANG_WARN_BLOCK_CAPTURE_AUTORELEASING = YES;
				CLANG_WARN_BOOL_CONVERSION = YES;
				CLANG_WARN_COMMA = YES;
				CLANG_WARN_CONSTANT_CONVERSION = YES;
				CLANG_WARN_DEPRECATED_OBJC_IMPLEMENTATIONS = YES;
				CLANG_WARN_DIRECT_OBJC_ISA_USAGE = YES_ERROR;
				CLANG_WARN_DOCUMENTATION_COMMENTS = YES;
				CLANG_WARN_EMPTY_BODY = YES;
				CLANG_WARN_ENUM_CONVERSION = YES;
				CLANG_WARN_INFINITE_RECURSION = YES;
				CLANG_WARN_INT_CONVERSION = YES;
				CLANG_WARN_NON_LITERAL_NULL_CONVERSION = YES;
				CLANG_WARN_OBJC_IMPLICIT_RETAIN_SELF = YES;
				CLANG_WARN_OBJC_LITERAL_CONVERSION = YES;
				CLANG_WARN_OBJC_ROOT_CLASS = YES_ERROR;
				CLANG_WARN_RANGE_LOOP_ANALYSIS = YES;
				CLANG_WARN_STRICT_PROTOTYPES = YES;
				CLANG_WARN_SUSPICIOUS_MOVE = YES;
				CLANG_WARN_UNGUARDED_AVAILABILITY = YES_AGGRESSIVE;
				CLANG_WARN_UNREACHABLE_CODE = YES;
				CLANG_WARN__DUPLICATE_METHOD_MATCH = YES;
				COPY_PHASE_STRIP = NO;
				DEBUG_INFORMATION_FORMAT = dwarf;
				ENABLE_STRICT_OBJC_MSGSEND = YES;
				ENABLE_TESTABILITY = YES;
				GCC_C_LANGUAGE_STANDARD = gnu11;
				GCC_DYNAMIC_NO_PIC = NO;
				GCC_NO_COMMON_BLOCKS = YES;
				GCC_OPTIMIZATION_LEVEL = 0;
				GCC_PREPROCESSOR_DEFINITIONS = (
					"DEBUG=1",
					"$(inherited)",
				);
				GCC_WARN_64_TO_32_BIT_CONVERSION = YES;
				GCC_WARN_ABOUT_RETURN_TYPE = YES_ERROR;
				GCC_WARN_UNDECLARED_SELECTOR = YES;
				GCC_WARN_UNINITIALIZED_AUTOS = YES_AGGRESSIVE;
				GCC_WARN_UNUSED_FUNCTION = YES;
				GCC_WARN_UNUSED_VARIABLE = YES;
				IPHONEOS_DEPLOYMENT_TARGET = 13.0;
				MTL_ENABLE_DEBUG_INFO = INCLUDE_SOURCE;
				MTL_FAST_MATH = YES;
				ONLY_ACTIVE_ARCH = YES;
				SDKROOT = iphoneos;
				SWIFT_ACTIVE_COMPILATION_CONDITIONS = DEBUG;
				SWIFT_OPTIMIZATION_LEVEL = "-Onone";
			};
			name = Debug;
		};
		4780030922B13BD100EEA906 /* Release */ = {
			isa = XCBuildConfiguration;
			buildSettings = {
				ALWAYS_SEARCH_USER_PATHS = NO;
				CLANG_ANALYZER_NONNULL = YES;
				CLANG_ANALYZER_NUMBER_OBJECT_CONVERSION = YES_AGGRESSIVE;
				CLANG_CXX_LANGUAGE_STANDARD = "gnu++14";
				CLANG_CXX_LIBRARY = "libc++";
				CLANG_ENABLE_MODULES = YES;
				CLANG_ENABLE_OBJC_ARC = YES;
				CLANG_ENABLE_OBJC_WEAK = YES;
				CLANG_WARN_BLOCK_CAPTURE_AUTORELEASING = YES;
				CLANG_WARN_BOOL_CONVERSION = YES;
				CLANG_WARN_COMMA = YES;
				CLANG_WARN_CONSTANT_CONVERSION = YES;
				CLANG_WARN_DEPRECATED_OBJC_IMPLEMENTATIONS = YES;
				CLANG_WARN_DIRECT_OBJC_ISA_USAGE = YES_ERROR;
				CLANG_WARN_DOCUMENTATION_COMMENTS = YES;
				CLANG_WARN_EMPTY_BODY = YES;
				CLANG_WARN_ENUM_CONVERSION = YES;
				CLANG_WARN_INFINITE_RECURSION = YES;
				CLANG_WARN_INT_CONVERSION = YES;
				CLANG_WARN_NON_LITERAL_NULL_CONVERSION = YES;
				CLANG_WARN_OBJC_IMPLICIT_RETAIN_SELF = YES;
				CLANG_WARN_OBJC_LITERAL_CONVERSION = YES;
				CLANG_WARN_OBJC_ROOT_CLASS = YES_ERROR;
				CLANG_WARN_RANGE_LOOP_ANALYSIS = YES;
				CLANG_WARN_STRICT_PROTOTYPES = YES;
				CLANG_WARN_SUSPICIOUS_MOVE = YES;
				CLANG_WARN_UNGUARDED_AVAILABILITY = YES_AGGRESSIVE;
				CLANG_WARN_UNREACHABLE_CODE = YES;
				CLANG_WARN__DUPLICATE_METHOD_MATCH = YES;
				COPY_PHASE_STRIP = NO;
				DEBUG_INFORMATION_FORMAT = "dwarf-with-dsym";
				ENABLE_NS_ASSERTIONS = NO;
				ENABLE_STRICT_OBJC_MSGSEND = YES;
				GCC_C_LANGUAGE_STANDARD = gnu11;
				GCC_NO_COMMON_BLOCKS = YES;
				GCC_WARN_64_TO_32_BIT_CONVERSION = YES;
				GCC_WARN_ABOUT_RETURN_TYPE = YES_ERROR;
				GCC_WARN_UNDECLARED_SELECTOR = YES;
				GCC_WARN_UNINITIALIZED_AUTOS = YES_AGGRESSIVE;
				GCC_WARN_UNUSED_FUNCTION = YES;
				GCC_WARN_UNUSED_VARIABLE = YES;
				IPHONEOS_DEPLOYMENT_TARGET = 13.0;
				MTL_ENABLE_DEBUG_INFO = NO;
				MTL_FAST_MATH = YES;
				SDKROOT = iphoneos;
				SWIFT_COMPILATION_MODE = wholemodule;
				SWIFT_OPTIMIZATION_LEVEL = "-O";
				VALIDATE_PRODUCT = YES;
			};
			name = Release;
		};
		4780030B22B13BD100EEA906 /* Debug */ = {
			isa = XCBuildConfiguration;
			buildSettings = {
				ASSETCATALOG_COMPILER_APPICON_NAME = AppIcon;
				CODE_SIGN_STYLE = Automatic;
				DEVELOPMENT_TEAM = D9FBK2WPJX;
				INFOPLIST_FILE = SumoAR/Info.plist;
				LD_RUNPATH_SEARCH_PATHS = (
					"$(inherited)",
					"@executable_path/Frameworks",
				);
				PRODUCT_BUNDLE_IDENTIFIER = com.enzomaruffa.sumoar.SumoAR;
				PRODUCT_NAME = "$(TARGET_NAME)";
				SWIFT_VERSION = 5.0;
				TARGETED_DEVICE_FAMILY = "1,2";
			};
			name = Debug;
		};
		4780030C22B13BD100EEA906 /* Release */ = {
			isa = XCBuildConfiguration;
			buildSettings = {
				ASSETCATALOG_COMPILER_APPICON_NAME = AppIcon;
				CODE_SIGN_STYLE = Automatic;
				DEVELOPMENT_TEAM = D9FBK2WPJX;
				INFOPLIST_FILE = SumoAR/Info.plist;
				LD_RUNPATH_SEARCH_PATHS = (
					"$(inherited)",
					"@executable_path/Frameworks",
				);
				PRODUCT_BUNDLE_IDENTIFIER = com.enzomaruffa.sumoar.SumoAR;
				PRODUCT_NAME = "$(TARGET_NAME)";
				SWIFT_VERSION = 5.0;
				TARGETED_DEVICE_FAMILY = "1,2";
			};
			name = Release;
		};
/* End XCBuildConfiguration section */

/* Begin XCConfigurationList section */
		478002F122B13BCE00EEA906 /* Build configuration list for PBXProject "SumoAR" */ = {
			isa = XCConfigurationList;
			buildConfigurations = (
				4780030822B13BD100EEA906 /* Debug */,
				4780030922B13BD100EEA906 /* Release */,
			);
			defaultConfigurationIsVisible = 0;
			defaultConfigurationName = Release;
		};
		4780030A22B13BD100EEA906 /* Build configuration list for PBXNativeTarget "SumoAR" */ = {
			isa = XCConfigurationList;
			buildConfigurations = (
				4780030B22B13BD100EEA906 /* Debug */,
				4780030C22B13BD100EEA906 /* Release */,
			);
			defaultConfigurationIsVisible = 0;
			defaultConfigurationName = Release;
		};
/* End XCConfigurationList section */
	};
	rootObject = 478002EE22B13BCE00EEA906 /* Project object */;
}
